// !$*UTF8*$!
{
	archiveVersion = 1;
	classes = {
	};
	objectVersion = 46;
	objects = {

/* Begin PBXBuildFile section */
		5896C2991D3C6F9300BE14D7 /* main.m in Sources */ = {isa = PBXBuildFile; fileRef = 5896C2981D3C6F9300BE14D7 /* main.m */; };
		5896C29C1D3C6F9300BE14D7 /* AppDelegate.m in Sources */ = {isa = PBXBuildFile; fileRef = 5896C29B1D3C6F9300BE14D7 /* AppDelegate.m */; };
		5896C29F1D3C6F9300BE14D7 /* MasterViewController.m in Sources */ = {isa = PBXBuildFile; fileRef = 5896C29E1D3C6F9300BE14D7 /* MasterViewController.m */; };
		5896C2A21D3C6F9300BE14D7 /* DetailViewController.m in Sources */ = {isa = PBXBuildFile; fileRef = 5896C2A11D3C6F9300BE14D7 /* DetailViewController.m */; };
		5896C2A51D3C6F9300BE14D7 /* Main.storyboard in Resources */ = {isa = PBXBuildFile; fileRef = 5896C2A31D3C6F9300BE14D7 /* Main.storyboard */; };
		5896C2A71D3C6F9300BE14D7 /* Assets.xcassets in Resources */ = {isa = PBXBuildFile; fileRef = 5896C2A61D3C6F9300BE14D7 /* Assets.xcassets */; };
		5896C2AA1D3C6F9300BE14D7 /* LaunchScreen.storyboard in Resources */ = {isa = PBXBuildFile; fileRef = 5896C2A81D3C6F9300BE14D7 /* LaunchScreen.storyboard */; };
		CAD157A1C2DA188BD1DA7F79 /* libPods-LiftSample-objc.a in Frameworks */ = {isa = PBXBuildFile; fileRef = C634B6536FF66A31DDA1F79D /* libPods-LiftSample-objc.a */; };
/* End PBXBuildFile section */

/* Begin PBXFileReference section */
		53B9581CA06C0F22B74C1EC9 /* Pods-LiftSample-objc.release.xcconfig */ = {isa = PBXFileReference; includeInIndex = 1; lastKnownFileType = text.xcconfig; name = "Pods-LiftSample-objc.release.xcconfig"; path = "Pods/Target Support Files/Pods-LiftSample-objc/Pods-LiftSample-objc.release.xcconfig"; sourceTree = "<group>"; };
		56FCDD94BDD93A71E1CFEFA9 /* Pods-LiftSample-objc.debug.xcconfig */ = {isa = PBXFileReference; includeInIndex = 1; lastKnownFileType = text.xcconfig; name = "Pods-LiftSample-objc.debug.xcconfig"; path = "Pods/Target Support Files/Pods-LiftSample-objc/Pods-LiftSample-objc.debug.xcconfig"; sourceTree = "<group>"; };
		5896C2941D3C6F9200BE14D7 /* LiftSample-objc.app */ = {isa = PBXFileReference; explicitFileType = wrapper.application; includeInIndex = 0; path = "LiftSample-objc.app"; sourceTree = BUILT_PRODUCTS_DIR; };
		5896C2981D3C6F9300BE14D7 /* main.m */ = {isa = PBXFileReference; lastKnownFileType = sourcecode.c.objc; path = main.m; sourceTree = "<group>"; };
		5896C29A1D3C6F9300BE14D7 /* AppDelegate.h */ = {isa = PBXFileReference; lastKnownFileType = sourcecode.c.h; path = AppDelegate.h; sourceTree = "<group>"; };
		5896C29B1D3C6F9300BE14D7 /* AppDelegate.m */ = {isa = PBXFileReference; lastKnownFileType = sourcecode.c.objc; path = AppDelegate.m; sourceTree = "<group>"; };
		5896C29D1D3C6F9300BE14D7 /* MasterViewController.h */ = {isa = PBXFileReference; lastKnownFileType = sourcecode.c.h; path = MasterViewController.h; sourceTree = "<group>"; };
		5896C29E1D3C6F9300BE14D7 /* MasterViewController.m */ = {isa = PBXFileReference; lastKnownFileType = sourcecode.c.objc; path = MasterViewController.m; sourceTree = "<group>"; };
		5896C2A01D3C6F9300BE14D7 /* DetailViewController.h */ = {isa = PBXFileReference; lastKnownFileType = sourcecode.c.h; path = DetailViewController.h; sourceTree = "<group>"; };
		5896C2A11D3C6F9300BE14D7 /* DetailViewController.m */ = {isa = PBXFileReference; lastKnownFileType = sourcecode.c.objc; path = DetailViewController.m; sourceTree = "<group>"; };
		5896C2A41D3C6F9300BE14D7 /* Base */ = {isa = PBXFileReference; lastKnownFileType = file.storyboard; name = Base; path = Base.lproj/Main.storyboard; sourceTree = "<group>"; };
		5896C2A61D3C6F9300BE14D7 /* Assets.xcassets */ = {isa = PBXFileReference; lastKnownFileType = folder.assetcatalog; path = Assets.xcassets; sourceTree = "<group>"; };
		5896C2A91D3C6F9300BE14D7 /* Base */ = {isa = PBXFileReference; lastKnownFileType = file.storyboard; name = Base; path = Base.lproj/LaunchScreen.storyboard; sourceTree = "<group>"; };
		5896C2AB1D3C6F9300BE14D7 /* Info.plist */ = {isa = PBXFileReference; lastKnownFileType = text.plist.xml; path = Info.plist; sourceTree = "<group>"; };
		C634B6536FF66A31DDA1F79D /* libPods-LiftSample-objc.a */ = {isa = PBXFileReference; explicitFileType = archive.ar; includeInIndex = 0; path = "libPods-LiftSample-objc.a"; sourceTree = BUILT_PRODUCTS_DIR; };
/* End PBXFileReference section */

/* Begin PBXFrameworksBuildPhase section */
		5896C2911D3C6F9200BE14D7 /* Frameworks */ = {
			isa = PBXFrameworksBuildPhase;
			buildActionMask = 2147483647;
			files = (
				CAD157A1C2DA188BD1DA7F79 /* libPods-LiftSample-objc.a in Frameworks */,
			);
			runOnlyForDeploymentPostprocessing = 0;
		};
/* End PBXFrameworksBuildPhase section */

/* Begin PBXGroup section */
		2F5590B8E398B5113F2DFA11 /* Pods */ = {
			isa = PBXGroup;
			children = (
				56FCDD94BDD93A71E1CFEFA9 /* Pods-LiftSample-objc.debug.xcconfig */,
				53B9581CA06C0F22B74C1EC9 /* Pods-LiftSample-objc.release.xcconfig */,
			);
			name = Pods;
			sourceTree = "<group>";
		};
		5896C28B1D3C6F9200BE14D7 = {
			isa = PBXGroup;
			children = (
				5896C2961D3C6F9300BE14D7 /* LiftSample-objc */,
				5896C2951D3C6F9200BE14D7 /* Products */,
				2F5590B8E398B5113F2DFA11 /* Pods */,
				99D2802B45858A8E0ADFDFBC /* Frameworks */,
			);
			sourceTree = "<group>";
		};
		5896C2951D3C6F9200BE14D7 /* Products */ = {
			isa = PBXGroup;
			children = (
				5896C2941D3C6F9200BE14D7 /* LiftSample-objc.app */,
			);
			name = Products;
			sourceTree = "<group>";
		};
		5896C2961D3C6F9300BE14D7 /* LiftSample-objc */ = {
			isa = PBXGroup;
			children = (
				5896C29A1D3C6F9300BE14D7 /* AppDelegate.h */,
				5896C29B1D3C6F9300BE14D7 /* AppDelegate.m */,
				5896C29D1D3C6F9300BE14D7 /* MasterViewController.h */,
				5896C29E1D3C6F9300BE14D7 /* MasterViewController.m */,
				5896C2A01D3C6F9300BE14D7 /* DetailViewController.h */,
				5896C2A11D3C6F9300BE14D7 /* DetailViewController.m */,
				5896C2A31D3C6F9300BE14D7 /* Main.storyboard */,
				5896C2A61D3C6F9300BE14D7 /* Assets.xcassets */,
				5896C2A81D3C6F9300BE14D7 /* LaunchScreen.storyboard */,
				5896C2AB1D3C6F9300BE14D7 /* Info.plist */,
				5896C2971D3C6F9300BE14D7 /* Supporting Files */,
			);
			path = "LiftSample-objc";
			sourceTree = "<group>";
		};
		5896C2971D3C6F9300BE14D7 /* Supporting Files */ = {
			isa = PBXGroup;
			children = (
				5896C2981D3C6F9300BE14D7 /* main.m */,
			);
			name = "Supporting Files";
			sourceTree = "<group>";
		};
		99D2802B45858A8E0ADFDFBC /* Frameworks */ = {
			isa = PBXGroup;
			children = (
				C634B6536FF66A31DDA1F79D /* libPods-LiftSample-objc.a */,
			);
			name = Frameworks;
			sourceTree = "<group>";
		};
/* End PBXGroup section */

/* Begin PBXNativeTarget section */
		5896C2931D3C6F9200BE14D7 /* LiftSample-objc */ = {
			isa = PBXNativeTarget;
			buildConfigurationList = 5896C2AE1D3C6F9300BE14D7 /* Build configuration list for PBXNativeTarget "LiftSample-objc" */;
			buildPhases = (
				A6040D578360D801230634B7 /* [CP] Check Pods Manifest.lock */,
				5896C2901D3C6F9200BE14D7 /* Sources */,
				5896C2911D3C6F9200BE14D7 /* Frameworks */,
				5896C2921D3C6F9200BE14D7 /* Resources */,
				D8BFF59C3DC278EED87BCEAB /* [CP] Embed Pods Frameworks */,
				EC6BC6A01D4D80C25B1AE9B4 /* [CP] Copy Pods Resources */,
			);
			buildRules = (
			);
			dependencies = (
			);
			name = "LiftSample-objc";
			productName = "LiftSample-objc";
			productReference = 5896C2941D3C6F9200BE14D7 /* LiftSample-objc.app */;
			productType = "com.apple.product-type.application";
		};
/* End PBXNativeTarget section */

/* Begin PBXProject section */
		5896C28C1D3C6F9200BE14D7 /* Project object */ = {
			isa = PBXProject;
			attributes = {
				LastUpgradeCheck = 0830;
				ORGANIZATIONNAME = Logly;
				TargetAttributes = {
					5896C2931D3C6F9200BE14D7 = {
						CreatedOnToolsVersion = 7.3.1;
					};
				};
			};
			buildConfigurationList = 5896C28F1D3C6F9200BE14D7 /* Build configuration list for PBXProject "LiftSample-objc" */;
			compatibilityVersion = "Xcode 3.2";
			developmentRegion = English;
			hasScannedForEncodings = 0;
			knownRegions = (
				en,
				Base,
			);
			mainGroup = 5896C28B1D3C6F9200BE14D7;
			productRefGroup = 5896C2951D3C6F9200BE14D7 /* Products */;
			projectDirPath = "";
			projectRoot = "";
			targets = (
				5896C2931D3C6F9200BE14D7 /* LiftSample-objc */,
			);
		};
/* End PBXProject section */

/* Begin PBXResourcesBuildPhase section */
		5896C2921D3C6F9200BE14D7 /* Resources */ = {
			isa = PBXResourcesBuildPhase;
			buildActionMask = 2147483647;
			files = (
				5896C2AA1D3C6F9300BE14D7 /* LaunchScreen.storyboard in Resources */,
				5896C2A71D3C6F9300BE14D7 /* Assets.xcassets in Resources */,
				5896C2A51D3C6F9300BE14D7 /* Main.storyboard in Resources */,
			);
			runOnlyForDeploymentPostprocessing = 0;
		};
/* End PBXResourcesBuildPhase section */

/* Begin PBXShellScriptBuildPhase section */
		A6040D578360D801230634B7 /* [CP] Check Pods Manifest.lock */ = {
			isa = PBXShellScriptBuildPhase;
			buildActionMask = 2147483647;
			files = (
			);
			inputPaths = (
				"${PODS_PODFILE_DIR_PATH}/Podfile.lock",
				"${PODS_ROOT}/Manifest.lock",
			);
			name = "[CP] Check Pods Manifest.lock";
			outputPaths = (
				"$(DERIVED_FILE_DIR)/Pods-LiftSample-objc-checkManifestLockResult.txt",
			);
			runOnlyForDeploymentPostprocessing = 0;
			shellPath = /bin/sh;
			shellScript = "diff \"${PODS_PODFILE_DIR_PATH}/Podfile.lock\" \"${PODS_ROOT}/Manifest.lock\" > /dev/null\nif [ $? != 0 ] ; then\n    # print error to STDERR\n    echo \"error: The sandbox is not in sync with the Podfile.lock. Run 'pod install' or update your CocoaPods installation.\" >&2\n    exit 1\nfi\n# This output is used by Xcode 'outputs' to avoid re-running this script phase.\necho \"SUCCESS\" > \"${SCRIPT_OUTPUT_FILE_0}\"\n";
			showEnvVarsInLog = 0;
		};
		D8BFF59C3DC278EED87BCEAB /* [CP] Embed Pods Frameworks */ = {
			isa = PBXShellScriptBuildPhase;
			buildActionMask = 2147483647;
			files = (
			);
			inputPaths = (
			);
			name = "[CP] Embed Pods Frameworks";
			outputPaths = (
			);
			runOnlyForDeploymentPostprocessing = 0;
			shellPath = /bin/sh;
			shellScript = "\"${SRCROOT}/Pods/Target Support Files/Pods-LiftSample-objc/Pods-LiftSample-objc-frameworks.sh\"\n";
			showEnvVarsInLog = 0;
		};
		EC6BC6A01D4D80C25B1AE9B4 /* [CP] Copy Pods Resources */ = {
			isa = PBXShellScriptBuildPhase;
			buildActionMask = 2147483647;
			files = (
			);
			inputPaths = (
				"${SRCROOT}/Pods/Target Support Files/Pods-LiftSample-objc/Pods-LiftSample-objc-resources.sh",
				"${PODS_ROOT}/../../../LoglyLift/View/LGLiftWidget.xib",
				"${PODS_ROOT}/../../../LoglyLift/View/LGLiftWidgetCell.xib",
				"${PODS_ROOT}/../../../LoglyLift/View/logly_logo.png",
			);
			name = "[CP] Copy Pods Resources";
			outputPaths = (
				"${TARGET_BUILD_DIR}/${UNLOCALIZED_RESOURCES_FOLDER_PATH}",
			);
			runOnlyForDeploymentPostprocessing = 0;
			shellPath = /bin/sh;
			shellScript = "\"${SRCROOT}/Pods/Target Support Files/Pods-LiftSample-objc/Pods-LiftSample-objc-resources.sh\"\n";
			showEnvVarsInLog = 0;
		};
/* End PBXShellScriptBuildPhase section */

/* Begin PBXSourcesBuildPhase section */
		5896C2901D3C6F9200BE14D7 /* Sources */ = {
			isa = PBXSourcesBuildPhase;
			buildActionMask = 2147483647;
			files = (
				5896C29C1D3C6F9300BE14D7 /* AppDelegate.m in Sources */,
				5896C29F1D3C6F9300BE14D7 /* MasterViewController.m in Sources */,
				5896C2991D3C6F9300BE14D7 /* main.m in Sources */,
				5896C2A21D3C6F9300BE14D7 /* DetailViewController.m in Sources */,
			);
			runOnlyForDeploymentPostprocessing = 0;
		};
/* End PBXSourcesBuildPhase section */

/* Begin PBXVariantGroup section */
		5896C2A31D3C6F9300BE14D7 /* Main.storyboard */ = {
			isa = PBXVariantGroup;
			children = (
				5896C2A41D3C6F9300BE14D7 /* Base */,
			);
			name = Main.storyboard;
			sourceTree = "<group>";
		};
		5896C2A81D3C6F9300BE14D7 /* LaunchScreen.storyboard */ = {
			isa = PBXVariantGroup;
			children = (
				5896C2A91D3C6F9300BE14D7 /* Base */,
			);
			name = LaunchScreen.storyboard;
			sourceTree = "<group>";
		};
/* End PBXVariantGroup section */

/* Begin XCBuildConfiguration section */
		5896C2AC1D3C6F9300BE14D7 /* Debug */ = {
			isa = XCBuildConfiguration;
			buildSettings = {
				ALWAYS_SEARCH_USER_PATHS = NO;
				CLANG_ANALYZER_NONNULL = YES;
				CLANG_CXX_LANGUAGE_STANDARD = "gnu++0x";
				CLANG_CXX_LIBRARY = "libc++";
				CLANG_ENABLE_MODULES = YES;
				CLANG_ENABLE_OBJC_ARC = YES;
				CLANG_WARN_BOOL_CONVERSION = YES;
				CLANG_WARN_CONSTANT_CONVERSION = YES;
				CLANG_WARN_DIRECT_OBJC_ISA_USAGE = YES_ERROR;
				CLANG_WARN_EMPTY_BODY = YES;
				CLANG_WARN_ENUM_CONVERSION = YES;
				CLANG_WARN_INFINITE_RECURSION = YES;
				CLANG_WARN_INT_CONVERSION = YES;
				CLANG_WARN_OBJC_ROOT_CLASS = YES_ERROR;
				CLANG_WARN_SUSPICIOUS_MOVE = YES;
				CLANG_WARN_UNREACHABLE_CODE = YES;
				CLANG_WARN__DUPLICATE_METHOD_MATCH = YES;
				"CODE_SIGN_IDENTITY[sdk=iphoneos*]" = "iPhone Developer";
				COPY_PHASE_STRIP = NO;
				DEBUG_INFORMATION_FORMAT = dwarf;
				ENABLE_STRICT_OBJC_MSGSEND = YES;
				ENABLE_TESTABILITY = YES;
				GCC_C_LANGUAGE_STANDARD = gnu99;
				GCC_DYNAMIC_NO_PIC = NO;
				GCC_NO_COMMON_BLOCKS = YES;
				GCC_OPTIMIZATION_LEVEL = 0;
				GCC_PREPROCESSOR_DEFINITIONS = (
					"DEBUG=1",
					"$(inherited)",
				);
				GCC_WARN_64_TO_32_BIT_CONVERSION = YES;
				GCC_WARN_ABOUT_RETURN_TYPE = YES_ERROR;
				GCC_WARN_UNDECLARED_SELECTOR = YES;
				GCC_WARN_UNINITIALIZED_AUTOS = YES_AGGRESSIVE;
				GCC_WARN_UNUSED_FUNCTION = YES;
				GCC_WARN_UNUSED_VARIABLE = YES;
				IPHONEOS_DEPLOYMENT_TARGET = 9.3;
				MTL_ENABLE_DEBUG_INFO = YES;
				ONLY_ACTIVE_ARCH = YES;
				SDKROOT = iphoneos;
				TARGETED_DEVICE_FAMILY = "1,2";
			};
			name = Debug;
		};
		5896C2AD1D3C6F9300BE14D7 /* Release */ = {
			isa = XCBuildConfiguration;
			buildSettings = {
				ALWAYS_SEARCH_USER_PATHS = NO;
				CLANG_ANALYZER_NONNULL = YES;
				CLANG_CXX_LANGUAGE_STANDARD = "gnu++0x";
				CLANG_CXX_LIBRARY = "libc++";
				CLANG_ENABLE_MODULES = YES;
				CLANG_ENABLE_OBJC_ARC = YES;
				CLANG_WARN_BOOL_CONVERSION = YES;
				CLANG_WARN_CONSTANT_CONVERSION = YES;
				CLANG_WARN_DIRECT_OBJC_ISA_USAGE = YES_ERROR;
				CLANG_WARN_EMPTY_BODY = YES;
				CLANG_WARN_ENUM_CONVERSION = YES;
				CLANG_WARN_INFINITE_RECURSION = YES;
				CLANG_WARN_INT_CONVERSION = YES;
				CLANG_WARN_OBJC_ROOT_CLASS = YES_ERROR;
				CLANG_WARN_SUSPICIOUS_MOVE = YES;
				CLANG_WARN_UNREACHABLE_CODE = YES;
				CLANG_WARN__DUPLICATE_METHOD_MATCH = YES;
				"CODE_SIGN_IDENTITY[sdk=iphoneos*]" = "iPhone Developer";
				COPY_PHASE_STRIP = NO;
				DEBUG_INFORMATION_FORMAT = "dwarf-with-dsym";
				ENABLE_NS_ASSERTIONS = NO;
				ENABLE_STRICT_OBJC_MSGSEND = YES;
				GCC_C_LANGUAGE_STANDARD = gnu99;
				GCC_NO_COMMON_BLOCKS = YES;
				GCC_WARN_64_TO_32_BIT_CONVERSION = YES;
				GCC_WARN_ABOUT_RETURN_TYPE = YES_ERROR;
				GCC_WARN_UNDECLARED_SELECTOR = YES;
				GCC_WARN_UNINITIALIZED_AUTOS = YES_AGGRESSIVE;
				GCC_WARN_UNUSED_FUNCTION = YES;
				GCC_WARN_UNUSED_VARIABLE = YES;
				IPHONEOS_DEPLOYMENT_TARGET = 9.3;
				MTL_ENABLE_DEBUG_INFO = NO;
				SDKROOT = iphoneos;
				TARGETED_DEVICE_FAMILY = "1,2";
				VALIDATE_PRODUCT = YES;
			};
			name = Release;
		};
		5896C2AF1D3C6F9300BE14D7 /* Debug */ = {
			isa = XCBuildConfiguration;
			baseConfigurationReference = 56FCDD94BDD93A71E1CFEFA9 /* Pods-LiftSample-objc.debug.xcconfig */;
			buildSettings = {
				ASSETCATALOG_COMPILER_APPICON_NAME = AppIcon;
				INFOPLIST_FILE = "LiftSample-objc/Info.plist";
				LD_RUNPATH_SEARCH_PATHS = "$(inherited) @executable_path/Frameworks";
				PRODUCT_BUNDLE_IDENTIFIER = "jp.co.logly.LiftSample-objc";
				PRODUCT_NAME = "$(TARGET_NAME)";
			};
			name = Debug;
		};
		5896C2B01D3C6F9300BE14D7 /* Release */ = {
			isa = XCBuildConfiguration;
			baseConfigurationReference = 53B9581CA06C0F22B74C1EC9 /* Pods-LiftSample-objc.release.xcconfig */;
			buildSettings = {
				ASSETCATALOG_COMPILER_APPICON_NAME = AppIcon;
				INFOPLIST_FILE = "LiftSample-objc/Info.plist";
				LD_RUNPATH_SEARCH_PATHS = "$(inherited) @executable_path/Frameworks";
				PRODUCT_BUNDLE_IDENTIFIER = "jp.co.logly.LiftSample-objc";
				PRODUCT_NAME = "$(TARGET_NAME)";
			};
			name = Release;
		};
/* End XCBuildConfiguration section */

/* Begin XCConfigurationList section */
		5896C28F1D3C6F9200BE14D7 /* Build configuration list for PBXProject "LiftSample-objc" */ = {
			isa = XCConfigurationList;
			buildConfigurations = (
				5896C2AC1D3C6F9300BE14D7 /* Debug */,
				5896C2AD1D3C6F9300BE14D7 /* Release */,
			);
			defaultConfigurationIsVisible = 0;
			defaultConfigurationName = Release;
		};
		5896C2AE1D3C6F9300BE14D7 /* Build configuration list for PBXNativeTarget "LiftSample-objc" */ = {
			isa = XCConfigurationList;
			buildConfigurations = (
				5896C2AF1D3C6F9300BE14D7 /* Debug */,
				5896C2B01D3C6F9300BE14D7 /* Release */,
			);
			defaultConfigurationIsVisible = 0;
			defaultConfigurationName = Release;
		};
/* End XCConfigurationList section */
	};
	rootObject = 5896C28C1D3C6F9200BE14D7 /* Project object */;
}
